
Microsoft Visual Studio Solution File, Format Version 12.00
# Visual Studio Version 16
VisualStudioVersion = 16.0.29709.97
MinimumVisualStudioVersion = 10.0.40219.1
Project("{FAE04EC0-301F-11D3-BF4B-00C04F79EFBC}") = "Safe JA", "EADProject\Safe JA.csproj", "{3401A339-B75E-4954-AF59-3F929BFDD61C}"
EndProject
Global
	GlobalSection(SolutionConfigurationPlatforms) = preSolution
		Debug|Any CPU = Debug|Any CPU
		Release|Any CPU = Release|Any CPU
	EndGlobalSection
	GlobalSection(ProjectConfigurationPlatforms) = postSolution
		{3401A339-B75E-4954-AF59-3F929BFDD61C}.Debug|Any CPU.ActiveCfg = Debug|Any CPU
		{3401A339-B75E-4954-AF59-3F929BFDD61C}.Debug|Any CPU.Build.0 = Debug|Any CPU
		{3401A339-B75E-4954-AF59-3F929BFDD61C}.Release|Any CPU.ActiveCfg = Release|Any CPU
		{3401A339-B75E-4954-AF59-3F929BFDD61C}.Release|Any CPU.Build.0 = Release|Any CPU
	EndGlobalSection
	GlobalSection(SolutionProperties) = preSolution
		HideSolutionNode = FALSE
	EndGlobalSection
	GlobalSection(ExtensibilityGlobals) = postSolution
		SolutionGuid = {C1C5A815-AEB1-40AD-9DF3-DA67C9DA3C91}
	EndGlobalSection
EndGlobal
